// !$*UTF8*$!
{
	archiveVersion = 1;
	classes = {
	};
	objectVersion = 46;
	objects = {

/* Begin PBXBuildFile section */
		D3FEE4DA1A2505C4008C6250 /* main.m in Sources */ = {isa = PBXBuildFile; fileRef = D3FEE4D91A2505C4008C6250 /* main.m */; };
		D3FEE4DD1A2505C4008C6250 /* AppDelegate.m in Sources */ = {isa = PBXBuildFile; fileRef = D3FEE4DC1A2505C4008C6250 /* AppDelegate.m */; };
		D3FEE4E01A2505C4008C6250 /* ViewController.m in Sources */ = {isa = PBXBuildFile; fileRef = D3FEE4DF1A2505C4008C6250 /* ViewController.m */; };
		D3FEE4E31A2505C4008C6250 /* Main.storyboard in Resources */ = {isa = PBXBuildFile; fileRef = D3FEE4E11A2505C4008C6250 /* Main.storyboard */; };
		D3FEE4E51A2505C4008C6250 /* Images.xcassets in Resources */ = {isa = PBXBuildFile; fileRef = D3FEE4E41A2505C4008C6250 /* Images.xcassets */; };
		D3FEE4E81A2505C4008C6250 /* LaunchScreen.xib in Resources */ = {isa = PBXBuildFile; fileRef = D3FEE4E61A2505C4008C6250 /* LaunchScreen.xib */; };
		D3FEE4F41A2505C4008C6250 /* CIFilterApplicationTests.m in Sources */ = {isa = PBXBuildFile; fileRef = D3FEE4F31A2505C4008C6250 /* CIFilterApplicationTests.m */; };
		D3FEE4FF1A250A21008C6250 /* CIFilterCell.m in Sources */ = {isa = PBXBuildFile; fileRef = D3FEE4FE1A250A21008C6250 /* CIFilterCell.m */; };
		D3FEE5041A251236008C6250 /* UIImage+FiltredImage.m in Sources */ = {isa = PBXBuildFile; fileRef = D3FEE5031A251236008C6250 /* UIImage+FiltredImage.m */; };
		D3FEE5071A251F98008C6250 /* UIImage+Resize.m in Sources */ = {isa = PBXBuildFile; fileRef = D3FEE5061A251F98008C6250 /* UIImage+Resize.m */; };
/* End PBXBuildFile section */

/* Begin PBXContainerItemProxy section */
		D3FEE4EE1A2505C4008C6250 /* PBXContainerItemProxy */ = {
			isa = PBXContainerItemProxy;
			containerPortal = D3FEE4CC1A2505C4008C6250 /* Project object */;
			proxyType = 1;
			remoteGlobalIDString = D3FEE4D31A2505C4008C6250;
			remoteInfo = CIFilterApplication;
		};
/* End PBXContainerItemProxy section */

/* Begin PBXFileReference section */
		D3FEE4D41A2505C4008C6250 /* CIFilterApplication.app */ = {isa = PBXFileReference; explicitFileType = wrapper.application; includeInIndex = 0; path = CIFilterApplication.app; sourceTree = BUILT_PRODUCTS_DIR; };
		D3FEE4D81A2505C4008C6250 /* Info.plist */ = {isa = PBXFileReference; lastKnownFileType = text.plist.xml; path = Info.plist; sourceTree = "<group>"; };
		D3FEE4D91A2505C4008C6250 /* main.m */ = {isa = PBXFileReference; lastKnownFileType = sourcecode.c.objc; path = main.m; sourceTree = "<group>"; };
		D3FEE4DB1A2505C4008C6250 /* AppDelegate.h */ = {isa = PBXFileReference; lastKnownFileType = sourcecode.c.h; path = AppDelegate.h; sourceTree = "<group>"; };
		D3FEE4DC1A2505C4008C6250 /* AppDelegate.m */ = {isa = PBXFileReference; lastKnownFileType = sourcecode.c.objc; path = AppDelegate.m; sourceTree = "<group>"; };
		D3FEE4DE1A2505C4008C6250 /* ViewController.h */ = {isa = PBXFileReference; lastKnownFileType = sourcecode.c.h; path = ViewController.h; sourceTree = "<group>"; };
		D3FEE4DF1A2505C4008C6250 /* ViewController.m */ = {isa = PBXFileReference; lastKnownFileType = sourcecode.c.objc; path = ViewController.m; sourceTree = "<group>"; };
		D3FEE4E21A2505C4008C6250 /* Base */ = {isa = PBXFileReference; lastKnownFileType = file.storyboard; name = Base; path = Base.lproj/Main.storyboard; sourceTree = "<group>"; };
		D3FEE4E41A2505C4008C6250 /* Images.xcassets */ = {isa = PBXFileReference; lastKnownFileType = folder.assetcatalog; path = Images.xcassets; sourceTree = "<group>"; };
		D3FEE4E71A2505C4008C6250 /* Base */ = {isa = PBXFileReference; lastKnownFileType = file.xib; name = Base; path = Base.lproj/LaunchScreen.xib; sourceTree = "<group>"; };
		D3FEE4ED1A2505C4008C6250 /* CIFilterApplicationTests.xctest */ = {isa = PBXFileReference; explicitFileType = wrapper.cfbundle; includeInIndex = 0; path = CIFilterApplicationTests.xctest; sourceTree = BUILT_PRODUCTS_DIR; };
		D3FEE4F21A2505C4008C6250 /* Info.plist */ = {isa = PBXFileReference; lastKnownFileType = text.plist.xml; path = Info.plist; sourceTree = "<group>"; };
		D3FEE4F31A2505C4008C6250 /* CIFilterApplicationTests.m */ = {isa = PBXFileReference; lastKnownFileType = sourcecode.c.objc; path = CIFilterApplicationTests.m; sourceTree = "<group>"; };
		D3FEE4FD1A250A21008C6250 /* CIFilterCell.h */ = {isa = PBXFileReference; fileEncoding = 4; lastKnownFileType = sourcecode.c.h; path = CIFilterCell.h; sourceTree = "<group>"; };
		D3FEE4FE1A250A21008C6250 /* CIFilterCell.m */ = {isa = PBXFileReference; fileEncoding = 4; lastKnownFileType = sourcecode.c.objc; path = CIFilterCell.m; sourceTree = "<group>"; };
		D3FEE5021A251236008C6250 /* UIImage+FiltredImage.h */ = {isa = PBXFileReference; fileEncoding = 4; lastKnownFileType = sourcecode.c.h; path = "UIImage+FiltredImage.h"; sourceTree = "<group>"; };
		D3FEE5031A251236008C6250 /* UIImage+FiltredImage.m */ = {isa = PBXFileReference; fileEncoding = 4; lastKnownFileType = sourcecode.c.objc; path = "UIImage+FiltredImage.m"; sourceTree = "<group>"; };
		D3FEE5051A251F98008C6250 /* UIImage+Resize.h */ = {isa = PBXFileReference; fileEncoding = 4; lastKnownFileType = sourcecode.c.h; path = "UIImage+Resize.h"; sourceTree = "<group>"; };
		D3FEE5061A251F98008C6250 /* UIImage+Resize.m */ = {isa = PBXFileReference; fileEncoding = 4; lastKnownFileType = sourcecode.c.objc; path = "UIImage+Resize.m"; sourceTree = "<group>"; };
/* End PBXFileReference section */

/* Begin PBXFrameworksBuildPhase section */
		D3FEE4D11A2505C4008C6250 /* Frameworks */ = {
			isa = PBXFrameworksBuildPhase;
			buildActionMask = 2147483647;
			files = (
			);
			runOnlyForDeploymentPostprocessing = 0;
		};
		D3FEE4EA1A2505C4008C6250 /* Frameworks */ = {
			isa = PBXFrameworksBuildPhase;
			buildActionMask = 2147483647;
			files = (
			);
			runOnlyForDeploymentPostprocessing = 0;
		};
/* End PBXFrameworksBuildPhase section */

/* Begin PBXGroup section */
		D3FEE4CB1A2505C4008C6250 = {
			isa = PBXGroup;
			children = (
				D3FEE4D61A2505C4008C6250 /* CIFilterApplication */,
				D3FEE4F01A2505C4008C6250 /* CIFilterApplicationTests */,
				D3FEE4D51A2505C4008C6250 /* Products */,
			);
			sourceTree = "<group>";
		};
		D3FEE4D51A2505C4008C6250 /* Products */ = {
			isa = PBXGroup;
			children = (
				D3FEE4D41A2505C4008C6250 /* CIFilterApplication.app */,
				D3FEE4ED1A2505C4008C6250 /* CIFilterApplicationTests.xctest */,
			);
			name = Products;
			sourceTree = "<group>";
		};
		D3FEE4D61A2505C4008C6250 /* CIFilterApplication */ = {
			isa = PBXGroup;
			children = (
				D3FEE4DB1A2505C4008C6250 /* AppDelegate.h */,
				D3FEE4DC1A2505C4008C6250 /* AppDelegate.m */,
				D3FEE4DE1A2505C4008C6250 /* ViewController.h */,
				D3FEE4DF1A2505C4008C6250 /* ViewController.m */,
				D3FEE5021A251236008C6250 /* UIImage+FiltredImage.h */,
				D3FEE5031A251236008C6250 /* UIImage+FiltredImage.m */,
				D3FEE5051A251F98008C6250 /* UIImage+Resize.h */,
				D3FEE5061A251F98008C6250 /* UIImage+Resize.m */,
				D3FEE4E11A2505C4008C6250 /* Main.storyboard */,
				D3FEE4FD1A250A21008C6250 /* CIFilterCell.h */,
				D3FEE4FE1A250A21008C6250 /* CIFilterCell.m */,
				D3FEE4E41A2505C4008C6250 /* Images.xcassets */,
				D3FEE4E61A2505C4008C6250 /* LaunchScreen.xib */,
				D3FEE4D71A2505C4008C6250 /* Supporting Files */,
			);
			path = CIFilterApplication;
			sourceTree = "<group>";
		};
		D3FEE4D71A2505C4008C6250 /* Supporting Files */ = {
			isa = PBXGroup;
			children = (
				D3FEE4D81A2505C4008C6250 /* Info.plist */,
				D3FEE4D91A2505C4008C6250 /* main.m */,
			);
			name = "Supporting Files";
			sourceTree = "<group>";
		};
		D3FEE4F01A2505C4008C6250 /* CIFilterApplicationTests */ = {
			isa = PBXGroup;
			children = (
				D3FEE4F31A2505C4008C6250 /* CIFilterApplicationTests.m */,
				D3FEE4F11A2505C4008C6250 /* Supporting Files */,
			);
			path = CIFilterApplicationTests;
			sourceTree = "<group>";
		};
		D3FEE4F11A2505C4008C6250 /* Supporting Files */ = {
			isa = PBXGroup;
			children = (
				D3FEE4F21A2505C4008C6250 /* Info.plist */,
			);
			name = "Supporting Files";
			sourceTree = "<group>";
		};
/* End PBXGroup section */

/* Begin PBXNativeTarget section */
		D3FEE4D31A2505C4008C6250 /* CIFilterApplication */ = {
			isa = PBXNativeTarget;
			buildConfigurationList = D3FEE4F71A2505C4008C6250 /* Build configuration list for PBXNativeTarget "CIFilterApplication" */;
			buildPhases = (
				D3FEE4D01A2505C4008C6250 /* Sources */,
				D3FEE4D11A2505C4008C6250 /* Frameworks */,
				D3FEE4D21A2505C4008C6250 /* Resources */,
			);
			buildRules = (
			);
			dependencies = (
			);
			name = CIFilterApplication;
			productName = CIFilterApplication;
			productReference = D3FEE4D41A2505C4008C6250 /* CIFilterApplication.app */;
			productType = "com.apple.product-type.application";
		};
		D3FEE4EC1A2505C4008C6250 /* CIFilterApplicationTests */ = {
			isa = PBXNativeTarget;
			buildConfigurationList = D3FEE4FA1A2505C4008C6250 /* Build configuration list for PBXNativeTarget "CIFilterApplicationTests" */;
			buildPhases = (
				D3FEE4E91A2505C4008C6250 /* Sources */,
				D3FEE4EA1A2505C4008C6250 /* Frameworks */,
				D3FEE4EB1A2505C4008C6250 /* Resources */,
			);
			buildRules = (
			);
			dependencies = (
				D3FEE4EF1A2505C4008C6250 /* PBXTargetDependency */,
			);
			name = CIFilterApplicationTests;
			productName = CIFilterApplicationTests;
			productReference = D3FEE4ED1A2505C4008C6250 /* CIFilterApplicationTests.xctest */;
			productType = "com.apple.product-type.bundle.unit-test";
		};
/* End PBXNativeTarget section */

/* Begin PBXProject section */
		D3FEE4CC1A2505C4008C6250 /* Project object */ = {
			isa = PBXProject;
			attributes = {
				LastUpgradeCheck = 0610;
				ORGANIZATIONNAME = "Vlad Korzun";
				TargetAttributes = {
					D3FEE4D31A2505C4008C6250 = {
						CreatedOnToolsVersion = 6.1;
					};
					D3FEE4EC1A2505C4008C6250 = {
						CreatedOnToolsVersion = 6.1;
						TestTargetID = D3FEE4D31A2505C4008C6250;
					};
				};
			};
			buildConfigurationList = D3FEE4CF1A2505C4008C6250 /* Build configuration list for PBXProject "CIFilterApplication" */;
			compatibilityVersion = "Xcode 3.2";
			developmentRegion = English;
			hasScannedForEncodings = 0;
			knownRegions = (
				en,
				Base,
			);
			mainGroup = D3FEE4CB1A2505C4008C6250;
			productRefGroup = D3FEE4D51A2505C4008C6250 /* Products */;
			projectDirPath = "";
			projectRoot = "";
			targets = (
				D3FEE4D31A2505C4008C6250 /* CIFilterApplication */,
				D3FEE4EC1A2505C4008C6250 /* CIFilterApplicationTests */,
			);
		};
/* End PBXProject section */

/* Begin PBXResourcesBuildPhase section */
		D3FEE4D21A2505C4008C6250 /* Resources */ = {
			isa = PBXResourcesBuildPhase;
			buildActionMask = 2147483647;
			files = (
				D3FEE4E31A2505C4008C6250 /* Main.storyboard in Resources */,
				D3FEE4E81A2505C4008C6250 /* LaunchScreen.xib in Resources */,
				D3FEE4E51A2505C4008C6250 /* Images.xcassets in Resources */,
			);
			runOnlyForDeploymentPostprocessing = 0;
		};
		D3FEE4EB1A2505C4008C6250 /* Resources */ = {
			isa = PBXResourcesBuildPhase;
			buildActionMask = 2147483647;
			files = (
			);
			runOnlyForDeploymentPostprocessing = 0;
		};
/* End PBXResourcesBuildPhase section */

/* Begin PBXSourcesBuildPhase section */
		D3FEE4D01A2505C4008C6250 /* Sources */ = {
			isa = PBXSourcesBuildPhase;
			buildActionMask = 2147483647;
			files = (
				D3FEE4E01A2505C4008C6250 /* ViewController.m in Sources */,
				D3FEE5041A251236008C6250 /* UIImage+FiltredImage.m in Sources */,
				D3FEE4DD1A2505C4008C6250 /* AppDelegate.m in Sources */,
				D3FEE4DA1A2505C4008C6250 /* main.m in Sources */,
				D3FEE4FF1A250A21008C6250 /* CIFilterCell.m in Sources */,
				D3FEE5071A251F98008C6250 /* UIImage+Resize.m in Sources */,
			);
			runOnlyForDeploymentPostprocessing = 0;
		};
		D3FEE4E91A2505C4008C6250 /* Sources */ = {
			isa = PBXSourcesBuildPhase;
			buildActionMask = 2147483647;
			files = (
				D3FEE4F41A2505C4008C6250 /* CIFilterApplicationTests.m in Sources */,
			);
			runOnlyForDeploymentPostprocessing = 0;
		};
/* End PBXSourcesBuildPhase section */

/* Begin PBXTargetDependency section */
		D3FEE4EF1A2505C4008C6250 /* PBXTargetDependency */ = {
			isa = PBXTargetDependency;
			target = D3FEE4D31A2505C4008C6250 /* CIFilterApplication */;
			targetProxy = D3FEE4EE1A2505C4008C6250 /* PBXContainerItemProxy */;
		};
/* End PBXTargetDependency section */

/* Begin PBXVariantGroup section */
		D3FEE4E11A2505C4008C6250 /* Main.storyboard */ = {
			isa = PBXVariantGroup;
			children = (
				D3FEE4E21A2505C4008C6250 /* Base */,
			);
			name = Main.storyboard;
			sourceTree = "<group>";
		};
		D3FEE4E61A2505C4008C6250 /* LaunchScreen.xib */ = {
			isa = PBXVariantGroup;
			children = (
				D3FEE4E71A2505C4008C6250 /* Base */,
			);
			name = LaunchScreen.xib;
			sourceTree = "<group>";
		};
/* End PBXVariantGroup section */

/* Begin XCBuildConfiguration section */
		D3FEE4F51A2505C4008C6250 /* Debug */ = {
			isa = XCBuildConfiguration;
			buildSettings = {
				ALWAYS_SEARCH_USER_PATHS = NO;
				CLANG_CXX_LANGUAGE_STANDARD = "gnu++0x";
				CLANG_CXX_LIBRARY = "libc++";
				CLANG_ENABLE_MODULES = YES;
				CLANG_ENABLE_OBJC_ARC = YES;
				CLANG_WARN_BOOL_CONVERSION = YES;
				CLANG_WARN_CONSTANT_CONVERSION = YES;
				CLANG_WARN_DIRECT_OBJC_ISA_USAGE = YES_ERROR;
				CLANG_WARN_EMPTY_BODY = YES;
				CLANG_WARN_ENUM_CONVERSION = YES;
				CLANG_WARN_INT_CONVERSION = YES;
				CLANG_WARN_OBJC_ROOT_CLASS = YES_ERROR;
				CLANG_WARN_UNREACHABLE_CODE = YES;
				CLANG_WARN__DUPLICATE_METHOD_MATCH = YES;
				"CODE_SIGN_IDENTITY[sdk=iphoneos*]" = "iPhone Developer";
				COPY_PHASE_STRIP = NO;
				ENABLE_STRICT_OBJC_MSGSEND = YES;
				GCC_C_LANGUAGE_STANDARD = gnu99;
				GCC_DYNAMIC_NO_PIC = NO;
				GCC_OPTIMIZATION_LEVEL = 0;
				GCC_PREPROCESSOR_DEFINITIONS = (
					"DEBUG=1",
					"$(inherited)",
				);
				GCC_SYMBOLS_PRIVATE_EXTERN = NO;
				GCC_WARN_64_TO_32_BIT_CONVERSION = YES;
				GCC_WARN_ABOUT_RETURN_TYPE = YES_ERROR;
				GCC_WARN_UNDECLARED_SELECTOR = YES;
				GCC_WARN_UNINITIALIZED_AUTOS = YES_AGGRESSIVE;
				GCC_WARN_UNUSED_FUNCTION = YES;
				GCC_WARN_UNUSED_VARIABLE = YES;
				IPHONEOS_DEPLOYMENT_TARGET = 8.1;
				MTL_ENABLE_DEBUG_INFO = YES;
				ONLY_ACTIVE_ARCH = YES;
				SDKROOT = iphoneos;
			};
			name = Debug;
		};
		D3FEE4F61A2505C4008C6250 /* Release */ = {
			isa = XCBuildConfiguration;
			buildSettings = {
				ALWAYS_SEARCH_USER_PATHS = NO;
				CLANG_CXX_LANGUAGE_STANDARD = "gnu++0x";
				CLANG_CXX_LIBRARY = "libc++";
				CLANG_ENABLE_MODULES = YES;
				CLANG_ENABLE_OBJC_ARC = YES;
				CLANG_WARN_BOOL_CONVERSION = YES;
				CLANG_WARN_CONSTANT_CONVERSION = YES;
				CLANG_WARN_DIRECT_OBJC_ISA_USAGE = YES_ERROR;
				CLANG_WARN_EMPTY_BODY = YES;
				CLANG_WARN_ENUM_CONVERSION = YES;
				CLANG_WARN_INT_CONVERSION = YES;
				CLANG_WARN_OBJC_ROOT_CLASS = YES_ERROR;
				CLANG_WARN_UNREACHABLE_CODE = YES;
				CLANG_WARN__DUPLICATE_METHOD_MATCH = YES;
				"CODE_SIGN_IDENTITY[sdk=iphoneos*]" = "iPhone Developer";
				COPY_PHASE_STRIP = YES;
				ENABLE_NS_ASSERTIONS = NO;
				ENABLE_STRICT_OBJC_MSGSEND = YES;
				GCC_C_LANGUAGE_STANDARD = gnu99;
				GCC_WARN_64_TO_32_BIT_CONVERSION = YES;
				GCC_WARN_ABOUT_RETURN_TYPE = YES_ERROR;
				GCC_WARN_UNDECLARED_SELECTOR = YES;
				GCC_WARN_UNINITIALIZED_AUTOS = YES_AGGRESSIVE;
				GCC_WARN_UNUSED_FUNCTION = YES;
				GCC_WARN_UNUSED_VARIABLE = YES;
				IPHONEOS_DEPLOYMENT_TARGET = 8.1;
				MTL_ENABLE_DEBUG_INFO = NO;
				SDKROOT = iphoneos;
				VALIDATE_PRODUCT = YES;
			};
			name = Release;
		};
		D3FEE4F81A2505C4008C6250 /* Debug */ = {
			isa = XCBuildConfiguration;
			buildSettings = {
				ASSETCATALOG_COMPILER_APPICON_NAME = AppIcon;
				INFOPLIST_FILE = CIFilterApplication/Info.plist;
				LD_RUNPATH_SEARCH_PATHS = "$(inherited) @executable_path/Frameworks";
				PRODUCT_NAME = "$(TARGET_NAME)";
			};
			name = Debug;
		};
		D3FEE4F91A2505C4008C6250 /* Release */ = {
			isa = XCBuildConfiguration;
			buildSettings = {
				ASSETCATALOG_COMPILER_APPICON_NAME = AppIcon;
				INFOPLIST_FILE = CIFilterApplication/Info.plist;
				LD_RUNPATH_SEARCH_PATHS = "$(inherited) @executable_path/Frameworks";
				PRODUCT_NAME = "$(TARGET_NAME)";
			};
			name = Release;
		};
		D3FEE4FB1A2505C4008C6250 /* Debug */ = {
			isa = XCBuildConfiguration;
			buildSettings = {
				BUNDLE_LOADER = "$(TEST_HOST)";
				FRAMEWORK_SEARCH_PATHS = (
					"$(SDKROOT)/Developer/Library/Frameworks",
					"$(inherited)",
				);
				GCC_PREPROCESSOR_DEFINITIONS = (
					"DEBUG=1",
					"$(inherited)",
				);
				INFOPLIST_FILE = CIFilterApplicationTests/Info.plist;
				LD_RUNPATH_SEARCH_PATHS = "$(inherited) @executable_path/Frameworks @loader_path/Frameworks";
				PRODUCT_NAME = "$(TARGET_NAME)";
				TEST_HOST = "$(BUILT_PRODUCTS_DIR)/CIFilterApplication.app/CIFilterApplication";
			};
			name = Debug;
		};
		D3FEE4FC1A2505C4008C6250 /* Release */ = {
			isa = XCBuildConfiguration;
			buildSettings = {
				BUNDLE_LOADER = "$(TEST_HOST)";
				FRAMEWORK_SEARCH_PATHS = (
					"$(SDKROOT)/Developer/Library/Frameworks",
					"$(inherited)",
				);
				INFOPLIST_FILE = CIFilterApplicationTests/Info.plist;
				LD_RUNPATH_SEARCH_PATHS = "$(inherited) @executable_path/Frameworks @loader_path/Frameworks";
				PRODUCT_NAME = "$(TARGET_NAME)";
				TEST_HOST = "$(BUILT_PRODUCTS_DIR)/CIFilterApplication.app/CIFilterApplication";
			};
			name = Release;
		};
/* End XCBuildConfiguration section */

/* Begin XCConfigurationList section */
		D3FEE4CF1A2505C4008C6250 /* Build configuration list for PBXProject "CIFilterApplication" */ = {
			isa = XCConfigurationList;
			buildConfigurations = (
				D3FEE4F51A2505C4008C6250 /* Debug */,
				D3FEE4F61A2505C4008C6250 /* Release */,
			);
			defaultConfigurationIsVisible = 0;
			defaultConfigurationName = Release;
		};
		D3FEE4F71A2505C4008C6250 /* Build configuration list for PBXNativeTarget "CIFilterApplication" */ = {
			isa = XCConfigurationList;
			buildConfigurations = (
				D3FEE4F81A2505C4008C6250 /* Debug */,
				D3FEE4F91A2505C4008C6250 /* Release */,
			);
			defaultConfigurationIsVisible = 0;
			defaultConfigurationName = Release;
		};
		D3FEE4FA1A2505C4008C6250 /* Build configuration list for PBXNativeTarget "CIFilterApplicationTests" */ = {
			isa = XCConfigurationList;
			buildConfigurations = (
				D3FEE4FB1A2505C4008C6250 /* Debug */,
				D3FEE4FC1A2505C4008C6250 /* Release */,
			);
			defaultConfigurationIsVisible = 0;
			defaultConfigurationName = Release;
		};
/* End XCConfigurationList section */
	};
	rootObject = D3FEE4CC1A2505C4008C6250 /* Project object */;
}
